{
  "name": "@dorlicnrtd/testiranje",
  "version": "1.0.0",
  "lockfileVersion": 2,
  "requires": true,
  "packages": {
    "": {
      "name": "@dorlicnrtd/testiranje",
      "version": "1.0.0",
      "license": "ISC",
      "dependencies": {
        "@dorlicnrtd/knjige_metode_modul": "^1.0.1"
      }
    },
    "node_modules/@dorlicnrtd/knjige_metode_modul": {
      "version": "1.0.1",
      "resolved": "https://registry.npmjs.org/@dorlicnrtd/knjige_metode_modul/-/knjige_metode_modul-1.0.1.tgz",
      "integrity": "sha512-QqrrskX2hf/MbAZEpIrAmMISEKuKA5dwOmOcnmDkNwP2EonBvpGBrjB8zF9RVcqUPazIn6ZuzOhBMoIsTvKvTQ==",
      "dependencies": {
        "@dorlicnrtd/knjige_objekat_modul": "^1.0.0"
      }
    },
    "node_modules/@dorlicnrtd/knjige_objekat_modul": {
      "version": "1.0.0",
      "resolved": "https://registry.npmjs.org/@dorlicnrtd/knjige_objekat_modul/-/knjige_objekat_modul-1.0.0.tgz",
      "integrity": "sha512-Jb3+HDTcIZdbSCSzmkgDTwsQdta7NBLOjd8/bVlzcm9uzzwa1wgsyZx3zGU1LFjn/tCjrICxwUe6i9igEoTmIg=="
    }
  },
  "dependencies": {
    "@dorlicnrtd/knjige_metode_modul": {
      "version": "1.0.1",
      "resolved": "https://registry.npmjs.org/@dorlicnrtd/knjige_metode_modul/-/knjige_metode_modul-1.0.1.tgz",
      "integrity": "sha512-QqrrskX2hf/MbAZEpIrAmMISEKuKA5dwOmOcnmDkNwP2EonBvpGBrjB8zF9RVcqUPazIn6ZuzOhBMoIsTvKvTQ==",
      "requires": {
        "@dorlicnrtd/knjige_objekat_modul": "^1.0.0"
      }
    },
    "@dorlicnrtd/knjige_objekat_modul": {
      "version": "1.0.0",
      "resolved": "https://registry.npmjs.org/@dorlicnrtd/knjige_objekat_modul/-/knjige_objekat_modul-1.0.0.tgz",
      "integrity": "sha512-Jb3+HDTcIZdbSCSzmkgDTwsQdta7NBLOjd8/bVlzcm9uzzwa1wgsyZx3zGU1LFjn/tCjrICxwUe6i9igEoTmIg=="
    }
  }
}
